
Microsoft Visual Studio Solution File, Format Version 12.00
# Visual Studio Version 17
VisualStudioVersion = 17.2.32630.192
MinimumVisualStudioVersion = 10.0.40219.1
Project("{FAE04EC0-301F-11D3-BF4B-00C04F79EFBC}") = "Duplicationer", "Duplicationer\Duplicationer.csproj", "{DF5BF99B-E1F4-48BA-8A9F-F84321530C83}"
EndProject
Global
	GlobalSection(SolutionConfigurationPlatforms) = preSolution
		Debug|Any CPU = Debug|Any CPU
		Release|Any CPU = Release|Any CPU
	EndGlobalSection
	GlobalSection(ProjectConfigurationPlatforms) = postSolution
		{DF5BF99B-E1F4-48BA-8A9F-F84321530C83}.Debug|Any CPU.ActiveCfg = Debug|Any CPU
		{DF5BF99B-E1F4-48BA-8A9F-F84321530C83}.Debug|Any CPU.Build.0 = Debug|Any CPU
		{DF5BF99B-E1F4-48BA-8A9F-F84321530C83}.Release|Any CPU.ActiveCfg = Release|Any CPU
		{DF5BF99B-E1F4-48BA-8A9F-F84321530C83}.Release|Any CPU.Build.0 = Release|Any CPU
	EndGlobalSection
	GlobalSection(SolutionProperties) = preSolution
		HideSolutionNode = FALSE
	EndGlobalSection
	GlobalSection(ExtensibilityGlobals) = postSolution
		SolutionGuid = {D9F27FBD-33F6-474C-A109-89E6D1C850CC}
	EndGlobalSection
EndGlobal
